
Microsoft Visual Studio Solution File, Format Version 12.00
# Visual Studio 15
VisualStudioVersion = 15.0.28307.329
MinimumVisualStudioVersion = 10.0.40219.1
Project("{9A19103F-16F7-4668-BE54-9A1E7A4F7556}") = "Trigger", "Trigger\Trigger.csproj", "{1AA9C5E7-6C2E-472F-AF38-A65545E48AB4}"
EndProject
Project("{9A19103F-16F7-4668-BE54-9A1E7A4F7556}") = "Trigger.BLL", "Trigger.BLL\Trigger.BLL.csproj", "{F06E9593-BAB9-4F84-84BC-38B5399AC974}"
EndProject
Project("{9A19103F-16F7-4668-BE54-9A1E7A4F7556}") = "Trigger.DTO", "Trigger.DTO\Trigger.DTO.csproj", "{0536871D-1FC5-464F-8194-A39350BD2F36}"
EndProject
Project("{9A19103F-16F7-4668-BE54-9A1E7A4F7556}") = "Trigger.Utility", "Trigger.Utility\Trigger.Utility.csproj", "{A1AC8557-29CC-4677-A08E-5CE3B0A49D0E}"
EndProject
Project("{9A19103F-16F7-4668-BE54-9A1E7A4F7556}") = "Trigger.DAL", "Trigger.DAL\Trigger.DAL.csproj", "{B58E16D2-8135-4E15-BBA4-AE7EB608B27A}"
EndProject
Project("{9A19103F-16F7-4668-BE54-9A1E7A4F7556}") = "Trigger.Test", "Trigger.Test\Trigger.Test.csproj", "{700773D9-49F2-4A30-A690-F0AD2FC79A74}"
EndProject
Global
	GlobalSection(SolutionConfigurationPlatforms) = preSolution
		Debug|Any CPU = Debug|Any CPU
		Release|Any CPU = Release|Any CPU
	EndGlobalSection
	GlobalSection(ProjectConfigurationPlatforms) = postSolution
		{1AA9C5E7-6C2E-472F-AF38-A65545E48AB4}.Debug|Any CPU.ActiveCfg = Debug|Any CPU
		{1AA9C5E7-6C2E-472F-AF38-A65545E48AB4}.Debug|Any CPU.Build.0 = Debug|Any CPU
		{1AA9C5E7-6C2E-472F-AF38-A65545E48AB4}.Release|Any CPU.ActiveCfg = Release|Any CPU
		{1AA9C5E7-6C2E-472F-AF38-A65545E48AB4}.Release|Any CPU.Build.0 = Release|Any CPU
		{F06E9593-BAB9-4F84-84BC-38B5399AC974}.Debug|Any CPU.ActiveCfg = Debug|Any CPU
		{F06E9593-BAB9-4F84-84BC-38B5399AC974}.Debug|Any CPU.Build.0 = Debug|Any CPU
		{F06E9593-BAB9-4F84-84BC-38B5399AC974}.Release|Any CPU.ActiveCfg = Release|Any CPU
		{F06E9593-BAB9-4F84-84BC-38B5399AC974}.Release|Any CPU.Build.0 = Release|Any CPU
		{0536871D-1FC5-464F-8194-A39350BD2F36}.Debug|Any CPU.ActiveCfg = Debug|Any CPU
		{0536871D-1FC5-464F-8194-A39350BD2F36}.Debug|Any CPU.Build.0 = Debug|Any CPU
		{0536871D-1FC5-464F-8194-A39350BD2F36}.Release|Any CPU.ActiveCfg = Release|Any CPU
		{0536871D-1FC5-464F-8194-A39350BD2F36}.Release|Any CPU.Build.0 = Release|Any CPU
		{A1AC8557-29CC-4677-A08E-5CE3B0A49D0E}.Debug|Any CPU.ActiveCfg = Debug|Any CPU
		{A1AC8557-29CC-4677-A08E-5CE3B0A49D0E}.Debug|Any CPU.Build.0 = Debug|Any CPU
		{A1AC8557-29CC-4677-A08E-5CE3B0A49D0E}.Release|Any CPU.ActiveCfg = Release|Any CPU
		{A1AC8557-29CC-4677-A08E-5CE3B0A49D0E}.Release|Any CPU.Build.0 = Release|Any CPU
		{B58E16D2-8135-4E15-BBA4-AE7EB608B27A}.Debug|Any CPU.ActiveCfg = Debug|Any CPU
		{B58E16D2-8135-4E15-BBA4-AE7EB608B27A}.Debug|Any CPU.Build.0 = Debug|Any CPU
		{B58E16D2-8135-4E15-BBA4-AE7EB608B27A}.Release|Any CPU.ActiveCfg = Release|Any CPU
		{B58E16D2-8135-4E15-BBA4-AE7EB608B27A}.Release|Any CPU.Build.0 = Release|Any CPU
		{700773D9-49F2-4A30-A690-F0AD2FC79A74}.Debug|Any CPU.ActiveCfg = Debug|Any CPU
		{700773D9-49F2-4A30-A690-F0AD2FC79A74}.Debug|Any CPU.Build.0 = Debug|Any CPU
		{700773D9-49F2-4A30-A690-F0AD2FC79A74}.Release|Any CPU.ActiveCfg = Release|Any CPU
		{700773D9-49F2-4A30-A690-F0AD2FC79A74}.Release|Any CPU.Build.0 = Release|Any CPU
	EndGlobalSection
	GlobalSection(SolutionProperties) = preSolution
		HideSolutionNode = FALSE
	EndGlobalSection
	GlobalSection(ExtensibilityGlobals) = postSolution
		SolutionGuid = {C4484B79-EDCA-4E41-8B93-C0E680C99DD2}
	EndGlobalSection
EndGlobal
